// !$*UTF8*$!
{
	archiveVersion = 1;
	classes = {
	};
	objectVersion = 77;
	objects = {

/* Begin PBXBuildFile section */
		60543D5B2F48C8B400B67ADA /* AnyAPI in Frameworks */ = {isa = PBXBuildFile; productRef = 60543D5A2F48C8B400B67ADA /* AnyAPI */; };
		60543D5D2F48C8B400B67ADA /* Factory in Frameworks */ = {isa = PBXBuildFile; productRef = 60543D5C2F48C8B400B67ADA /* Factory */; };
		60543D5F2F48C8B400B67ADA /* Kingfisher in Frameworks */ = {isa = PBXBuildFile; productRef = 60543D5E2F48C8B400B67ADA /* Kingfisher */; };
		60543DEA2F48D35700B67ADA /* EntityStore in Frameworks */ = {isa = PBXBuildFile; productRef = 60543DE92F48D35700B67ADA /* EntityStore */; };
		60543E112F48D90000B67ADA /* Alamofire in Frameworks */ = {isa = PBXBuildFile; productRef = 60543E012F48D90000B67ADA /* Alamofire */; };
		60543E122F48D90000B67ADA /* BetterCodable in Frameworks */ = {isa = PBXBuildFile; productRef = 60543E022F48D90000B67ADA /* BetterCodable */; };
		60543E132F48D90000B67ADA /* Drops in Frameworks */ = {isa = PBXBuildFile; productRef = 60543E032F48D90000B67ADA /* Drops */; };
		60543E152F48D90000B67ADA /* Lottie in Frameworks */ = {isa = PBXBuildFile; productRef = 60543E052F48D90000B67ADA /* Lottie */; };
		60543E162F48D90000B67ADA /* MarkdownUI in Frameworks */ = {isa = PBXBuildFile; productRef = 60543E062F48D90000B67ADA /* MarkdownUI */; };
		60543E172F48D90000B67ADA /* Sentry in Frameworks */ = {isa = PBXBuildFile; productRef = 60543E072F48D90000B67ADA /* Sentry */; };
		60543E182F48D90000B67ADA /* SwiftyCrop in Frameworks */ = {isa = PBXBuildFile; productRef = 60543E082F48D90000B67ADA /* SwiftyCrop */; };
		70B001A13C5E11AA00F01001 /* StockPlanShared in Frameworks */ = {isa = PBXBuildFile; productRef = 70B001A23C5E11AA00F01001 /* StockPlanShared */; };
/* End PBXBuildFile section */

/* Begin PBXContainerItemProxy section */
		60AFA8062F3E406A00FA3135 /* PBXContainerItemProxy */ = {
			isa = PBXContainerItemProxy;
			containerPortal = 60AFA7F02F3E406900FA3135 /* Project object */;
			proxyType = 1;
			remoteGlobalIDString = 60AFA7F72F3E406900FA3135;
			remoteInfo = financeplan;
		};
		60AFA8102F3E406A00FA3135 /* PBXContainerItemProxy */ = {
			isa = PBXContainerItemProxy;
			containerPortal = 60AFA7F02F3E406900FA3135 /* Project object */;
			proxyType = 1;
			remoteGlobalIDString = 60AFA7F72F3E406900FA3135;
			remoteInfo = financeplan;
		};
/* End PBXContainerItemProxy section */

/* Begin PBXFileReference section */
		60AFA7F82F3E406900FA3135 /* financeplan.app */ = {isa = PBXFileReference; explicitFileType = wrapper.application; includeInIndex = 0; path = financeplan.app; sourceTree = BUILT_PRODUCTS_DIR; };
		60AFA8052F3E406A00FA3135 /* financeplanTests.xctest */ = {isa = PBXFileReference; explicitFileType = wrapper.cfbundle; includeInIndex = 0; path = financeplanTests.xctest; sourceTree = BUILT_PRODUCTS_DIR; };
		60AFA80F2F3E406A00FA3135 /* financeplanUITests.xctest */ = {isa = PBXFileReference; explicitFileType = wrapper.cfbundle; includeInIndex = 0; path = financeplanUITests.xctest; sourceTree = BUILT_PRODUCTS_DIR; };
		60DA220A2F61DE3500E7773F /* BuildTools.swift */ = {isa = PBXFileReference; lastKnownFileType = sourcecode.swift; path = BuildTools.swift; sourceTree = "<group>"; };
/* End PBXFileReference section */

/* Begin PBXFileSystemSynchronizedRootGroup section */
		60AFA7FA2F3E406900FA3135 /* financeplan */ = {
			isa = PBXFileSystemSynchronizedRootGroup;
			path = financeplan;
			sourceTree = "<group>";
		};
		60AFA8082F3E406A00FA3135 /* financeplanTests */ = {
			isa = PBXFileSystemSynchronizedRootGroup;
			path = financeplanTests;
			sourceTree = "<group>";
		};
		60AFA8122F3E406A00FA3135 /* financeplanUITests */ = {
			isa = PBXFileSystemSynchronizedRootGroup;
			path = financeplanUITests;
			sourceTree = "<group>";
		};
/* End PBXFileSystemSynchronizedRootGroup section */

/* Begin PBXFrameworksBuildPhase section */
		60AFA7F52F3E406900FA3135 /* Frameworks */ = {
			isa = PBXFrameworksBuildPhase;
			buildActionMask = 2147483647;
			files = (
				60543E112F48D90000B67ADA /* Alamofire in Frameworks */,
				60543D5B2F48C8B400B67ADA /* AnyAPI in Frameworks */,
				60543E122F48D90000B67ADA /* BetterCodable in Frameworks */,
				60543E132F48D90000B67ADA /* Drops in Frameworks */,
				60543D5D2F48C8B400B67ADA /* Factory in Frameworks */,
				60543D5F2F48C8B400B67ADA /* Kingfisher in Frameworks */,
				60543E152F48D90000B67ADA /* Lottie in Frameworks */,
				60543E162F48D90000B67ADA /* MarkdownUI in Frameworks */,
				60543E172F48D90000B67ADA /* Sentry in Frameworks */,
				60543E182F48D90000B67ADA /* SwiftyCrop in Frameworks */,
				60543DEA2F48D35700B67ADA /* EntityStore in Frameworks */,
				70B001A13C5E11AA00F01001 /* StockPlanShared in Frameworks */,
			);
			runOnlyForDeploymentPostprocessing = 0;
		};
		60AFA8022F3E406A00FA3135 /* Frameworks */ = {
			isa = PBXFrameworksBuildPhase;
			buildActionMask = 2147483647;
			files = (
			);
			runOnlyForDeploymentPostprocessing = 0;
		};
		60AFA80C2F3E406A00FA3135 /* Frameworks */ = {
			isa = PBXFrameworksBuildPhase;
			buildActionMask = 2147483647;
			files = (
			);
			runOnlyForDeploymentPostprocessing = 0;
		};
/* End PBXFrameworksBuildPhase section */

/* Begin PBXGroup section */
		60AFA7EF2F3E406900FA3135 = {
			isa = PBXGroup;
			children = (
				60DA22082F61DE0D00E7773F /* BuildTools */,
				60AFA7FA2F3E406900FA3135 /* financeplan */,
				60AFA8082F3E406A00FA3135 /* financeplanTests */,
				60AFA8122F3E406A00FA3135 /* financeplanUITests */,
				60AFA7F92F3E406900FA3135 /* Products */,
			);
			sourceTree = "<group>";
		};
		60AFA7F92F3E406900FA3135 /* Products */ = {
			isa = PBXGroup;
			children = (
				60AFA7F82F3E406900FA3135 /* financeplan.app */,
				60AFA8052F3E406A00FA3135 /* financeplanTests.xctest */,
				60AFA80F2F3E406A00FA3135 /* financeplanUITests.xctest */,
			);
			name = Products;
			sourceTree = "<group>";
		};
		60DA22082F61DE0D00E7773F /* BuildTools */ = {
			isa = PBXGroup;
			children = (
				60DA220A2F61DE3500E7773F /* BuildTools.swift */,
			);
			path = BuildTools;
			sourceTree = "<group>";
		};
/* End PBXGroup section */

/* Begin PBXNativeTarget section */
		60AFA7F72F3E406900FA3135 /* financeplan */ = {
			isa = PBXNativeTarget;
			buildConfigurationList = 60AFA8192F3E406A00FA3135 /* Build configuration list for PBXNativeTarget "financeplan" */;
			buildPhases = (
				60AFA7F42F3E406900FA3135 /* Sources */,
				60AFA7F52F3E406900FA3135 /* Frameworks */,
				60AFA7F62F3E406900FA3135 /* Resources */,
			);
			buildRules = (
			);
			dependencies = (
			);
			fileSystemSynchronizedGroups = (
				60AFA7FA2F3E406900FA3135 /* financeplan */,
			);
			name = financeplan;
			packageProductDependencies = (
				60543E012F48D90000B67ADA /* Alamofire */,
				60543D5A2F48C8B400B67ADA /* AnyAPI */,
				60543E022F48D90000B67ADA /* BetterCodable */,
				60543E032F48D90000B67ADA /* Drops */,
				60543DE92F48D35700B67ADA /* EntityStore */,
				60543D5C2F48C8B400B67ADA /* Factory */,
				60543D5E2F48C8B400B67ADA /* Kingfisher */,
				60543E052F48D90000B67ADA /* Lottie */,
				60543E062F48D90000B67ADA /* MarkdownUI */,
				60543E072F48D90000B67ADA /* Sentry */,
				60543E082F48D90000B67ADA /* SwiftyCrop */,
				70B001A23C5E11AA00F01001 /* StockPlanShared */,
			);
			productName = financeplan;
			productReference = 60AFA7F82F3E406900FA3135 /* financeplan.app */;
			productType = "com.apple.product-type.application";
		};
		60AFA8042F3E406A00FA3135 /* financeplanTests */ = {
			isa = PBXNativeTarget;
			buildConfigurationList = 60AFA81C2F3E406A00FA3135 /* Build configuration list for PBXNativeTarget "financeplanTests" */;
			buildPhases = (
				60AFA8012F3E406A00FA3135 /* Sources */,
				60AFA8022F3E406A00FA3135 /* Frameworks */,
				60AFA8032F3E406A00FA3135 /* Resources */,
			);
			buildRules = (
			);
			dependencies = (
				60AFA8072F3E406A00FA3135 /* PBXTargetDependency */,
			);
			fileSystemSynchronizedGroups = (
				60AFA8082F3E406A00FA3135 /* financeplanTests */,
			);
			name = financeplanTests;
			packageProductDependencies = (
			);
			productName = financeplanTests;
			productReference = 60AFA8052F3E406A00FA3135 /* financeplanTests.xctest */;
			productType = "com.apple.product-type.bundle.unit-test";
		};
		60AFA80E2F3E406A00FA3135 /* financeplanUITests */ = {
			isa = PBXNativeTarget;
			buildConfigurationList = 60AFA81F2F3E406A00FA3135 /* Build configuration list for PBXNativeTarget "financeplanUITests" */;
			buildPhases = (
				60AFA80B2F3E406A00FA3135 /* Sources */,
				60AFA80C2F3E406A00FA3135 /* Frameworks */,
				60AFA80D2F3E406A00FA3135 /* Resources */,
			);
			buildRules = (
			);
			dependencies = (
				60AFA8112F3E406A00FA3135 /* PBXTargetDependency */,
			);
			fileSystemSynchronizedGroups = (
				60AFA8122F3E406A00FA3135 /* financeplanUITests */,
			);
			name = financeplanUITests;
			packageProductDependencies = (
			);
			productName = financeplanUITests;
			productReference = 60AFA80F2F3E406A00FA3135 /* financeplanUITests.xctest */;
			productType = "com.apple.product-type.bundle.ui-testing";
		};
/* End PBXNativeTarget section */

/* Begin PBXProject section */
		60AFA7F02F3E406900FA3135 /* Project object */ = {
			isa = PBXProject;
			attributes = {
				BuildIndependentTargetsInParallel = 1;
				LastSwiftUpdateCheck = 2620;
				LastUpgradeCheck = 2620;
				TargetAttributes = {
					60AFA7F72F3E406900FA3135 = {
						CreatedOnToolsVersion = 26.2;
					};
					60AFA8042F3E406A00FA3135 = {
						CreatedOnToolsVersion = 26.2;
						TestTargetID = 60AFA7F72F3E406900FA3135;
					};
					60AFA80E2F3E406A00FA3135 = {
						CreatedOnToolsVersion = 26.2;
						TestTargetID = 60AFA7F72F3E406900FA3135;
					};
				};
			};
			buildConfigurationList = 60AFA7F32F3E406900FA3135 /* Build configuration list for PBXProject "financeplan" */;
			developmentRegion = en;
			hasScannedForEncodings = 0;
			knownRegions = (
				en,
				"pt-PT",
				Base,
			);
			mainGroup = 60AFA7EF2F3E406900FA3135;
			minimizedProjectReferenceProxies = 1;
			packageReferences = (
				60543E212F48D90000B67ADA /* XCRemoteSwiftPackageReference "Alamofire" */,
				60543E222F48D90000B67ADA /* XCRemoteSwiftPackageReference "BetterCodable" */,
				60543E232F48D90000B67ADA /* XCRemoteSwiftPackageReference "Drops" */,
				60543D602F48C8B400B67ADA /* XCRemoteSwiftPackageReference "Factory" */,
				60543D612F48C8B400B67ADA /* XCRemoteSwiftPackageReference "Kingfisher" */,
				60543E252F48D90000B67ADA /* XCRemoteSwiftPackageReference "lottie-ios" */,
				60543E262F48D90000B67ADA /* XCRemoteSwiftPackageReference "MarkdownUI" */,
				60543E272F48D90000B67ADA /* XCRemoteSwiftPackageReference "sentry-cocoa" */,
				60543E282F48D90000B67ADA /* XCRemoteSwiftPackageReference "SwiftyCrop" */,
				70B001A33C5E11AA00F01001 /* XCRemoteSwiftPackageReference "FinanceShared" */,
				60543D592F48C8B400B67ADA /* XCRemoteSwiftPackageReference "AnyAPI" */,
				60543DE82F48D35700B67ADA /* XCRemoteSwiftPackageReference "EntityStore" */,
				602AAA712F8810D2004485ED /* XCRemoteSwiftPackageReference "SwiftLintPlugins" */,
			);
			preferredProjectObjectVersion = 77;
			productRefGroup = 60AFA7F92F3E406900FA3135 /* Products */;
			projectDirPath = "";
			projectRoot = "";
			targets = (
				60AFA7F72F3E406900FA3135 /* financeplan */,
				60AFA8042F3E406A00FA3135 /* financeplanTests */,
				60AFA80E2F3E406A00FA3135 /* financeplanUITests */,
			);
		};
/* End PBXProject section */

/* Begin PBXResourcesBuildPhase section */
		60AFA7F62F3E406900FA3135 /* Resources */ = {
			isa = PBXResourcesBuildPhase;
			buildActionMask = 2147483647;
			files = (
			);
			runOnlyForDeploymentPostprocessing = 0;
		};
		60AFA8032F3E406A00FA3135 /* Resources */ = {
			isa = PBXResourcesBuildPhase;
			buildActionMask = 2147483647;
			files = (
			);
			runOnlyForDeploymentPostprocessing = 0;
		};
		60AFA80D2F3E406A00FA3135 /* Resources */ = {
			isa = PBXResourcesBuildPhase;
			buildActionMask = 2147483647;
			files = (
			);
			runOnlyForDeploymentPostprocessing = 0;
		};
/* End PBXResourcesBuildPhase section */

/* Begin PBXSourcesBuildPhase section */
		60AFA7F42F3E406900FA3135 /* Sources */ = {
			isa = PBXSourcesBuildPhase;
			buildActionMask = 2147483647;
			files = (
			);
			runOnlyForDeploymentPostprocessing = 0;
		};
		60AFA8012F3E406A00FA3135 /* Sources */ = {
			isa = PBXSourcesBuildPhase;
			buildActionMask = 2147483647;
			files = (
			);
			runOnlyForDeploymentPostprocessing = 0;
		};
		60AFA80B2F3E406A00FA3135 /* Sources */ = {
			isa = PBXSourcesBuildPhase;
			buildActionMask = 2147483647;
			files = (
			);
			runOnlyForDeploymentPostprocessing = 0;
		};
/* End PBXSourcesBuildPhase section */

/* Begin PBXTargetDependency section */
		60AFA8072F3E406A00FA3135 /* PBXTargetDependency */ = {
			isa = PBXTargetDependency;
			target = 60AFA7F72F3E406900FA3135 /* financeplan */;
			targetProxy = 60AFA8062F3E406A00FA3135 /* PBXContainerItemProxy */;
		};
		60AFA8112F3E406A00FA3135 /* PBXTargetDependency */ = {
			isa = PBXTargetDependency;
			target = 60AFA7F72F3E406900FA3135 /* financeplan */;
			targetProxy = 60AFA8102F3E406A00FA3135 /* PBXContainerItemProxy */;
		};
/* End PBXTargetDependency section */

/* Begin XCBuildConfiguration section */
		60AFA8172F3E406A00FA3135 /* Debug */ = {
			isa = XCBuildConfiguration;
			buildSettings = {
				ALWAYS_SEARCH_USER_PATHS = NO;
				ASSETCATALOG_COMPILER_GENERATE_SWIFT_ASSET_SYMBOL_EXTENSIONS = YES;
				CLANG_ANALYZER_NONNULL = YES;
				CLANG_ANALYZER_NUMBER_OBJECT_CONVERSION = YES_AGGRESSIVE;
				CLANG_CXX_LANGUAGE_STANDARD = "gnu++20";
				CLANG_ENABLE_MODULES = YES;
				CLANG_ENABLE_OBJC_ARC = YES;
				CLANG_ENABLE_OBJC_WEAK = YES;
				CLANG_WARN_BLOCK_CAPTURE_AUTORELEASING = YES;
				CLANG_WARN_BOOL_CONVERSION = YES;
				CLANG_WARN_COMMA = YES;
				CLANG_WARN_CONSTANT_CONVERSION = YES;
				CLANG_WARN_DEPRECATED_OBJC_IMPLEMENTATIONS = YES;
				CLANG_WARN_DIRECT_OBJC_ISA_USAGE = YES_ERROR;
				CLANG_WARN_DOCUMENTATION_COMMENTS = YES;
				CLANG_WARN_EMPTY_BODY = YES;
				CLANG_WARN_ENUM_CONVERSION = YES;
				CLANG_WARN_INFINITE_RECURSION = YES;
				CLANG_WARN_INT_CONVERSION = YES;
				CLANG_WARN_NON_LITERAL_NULL_CONVERSION = YES;
				CLANG_WARN_OBJC_IMPLICIT_RETAIN_SELF = YES;
				CLANG_WARN_OBJC_LITERAL_CONVERSION = YES;
				CLANG_WARN_OBJC_ROOT_CLASS = YES_ERROR;
				CLANG_WARN_QUOTED_INCLUDE_IN_FRAMEWORK_HEADER = YES;
				CLANG_WARN_RANGE_LOOP_ANALYSIS = YES;
				CLANG_WARN_STRICT_PROTOTYPES = YES;
				CLANG_WARN_SUSPICIOUS_MOVE = YES;
				CLANG_WARN_UNGUARDED_AVAILABILITY = YES_AGGRESSIVE;
				CLANG_WARN_UNREACHABLE_CODE = YES;
				CLANG_WARN__DUPLICATE_METHOD_MATCH = YES;
				COPY_PHASE_STRIP = NO;
				DEBUG_INFORMATION_FORMAT = dwarf;
				DEVELOPMENT_TEAM = 84X9WYBF36;
				ENABLE_STRICT_OBJC_MSGSEND = YES;
				ENABLE_TESTABILITY = YES;
				ENABLE_USER_SCRIPT_SANDBOXING = YES;
				GCC_C_LANGUAGE_STANDARD = gnu17;
				GCC_DYNAMIC_NO_PIC = NO;
				GCC_NO_COMMON_BLOCKS = YES;
				GCC_OPTIMIZATION_LEVEL = 0;
				GCC_PREPROCESSOR_DEFINITIONS = (
					"DEBUG=1",
					"$(inherited)",
				);
				GCC_WARN_64_TO_32_BIT_CONVERSION = YES;
				GCC_WARN_ABOUT_RETURN_TYPE = YES_ERROR;
				GCC_WARN_UNDECLARED_SELECTOR = YES;
				GCC_WARN_UNINITIALIZED_AUTOS = YES_AGGRESSIVE;
				GCC_WARN_UNUSED_FUNCTION = YES;
				GCC_WARN_UNUSED_VARIABLE = YES;
				IPHONEOS_DEPLOYMENT_TARGET = 26.2;
				LOCALIZATION_PREFERS_STRING_CATALOGS = YES;
				MTL_ENABLE_DEBUG_INFO = INCLUDE_SOURCE;
				MTL_FAST_MATH = YES;
				ONLY_ACTIVE_ARCH = YES;
				SDKROOT = iphoneos;
				SWIFT_ACTIVE_COMPILATION_CONDITIONS = "DEBUG $(inherited)";
				SWIFT_OPTIMIZATION_LEVEL = "-Onone";
			};
			name = Debug;
		};
		60AFA8182F3E406A00FA3135 /* Release */ = {
			isa = XCBuildConfiguration;
			buildSettings = {
				ALWAYS_SEARCH_USER_PATHS = NO;
				ASSETCATALOG_COMPILER_GENERATE_SWIFT_ASSET_SYMBOL_EXTENSIONS = YES;
				CLANG_ANALYZER_NONNULL = YES;
				CLANG_ANALYZER_NUMBER_OBJECT_CONVERSION = YES_AGGRESSIVE;
				CLANG_CXX_LANGUAGE_STANDARD = "gnu++20";
				CLANG_ENABLE_MODULES = YES;
				CLANG_ENABLE_OBJC_ARC = YES;
				CLANG_ENABLE_OBJC_WEAK = YES;
				CLANG_WARN_BLOCK_CAPTURE_AUTORELEASING = YES;
				CLANG_WARN_BOOL_CONVERSION = YES;
				CLANG_WARN_COMMA = YES;
				CLANG_WARN_CONSTANT_CONVERSION = YES;
				CLANG_WARN_DEPRECATED_OBJC_IMPLEMENTATIONS = YES;
				CLANG_WARN_DIRECT_OBJC_ISA_USAGE = YES_ERROR;
				CLANG_WARN_DOCUMENTATION_COMMENTS = YES;
				CLANG_WARN_EMPTY_BODY = YES;
				CLANG_WARN_ENUM_CONVERSION = YES;
				CLANG_WARN_INFINITE_RECURSION = YES;
				CLANG_WARN_INT_CONVERSION = YES;
				CLANG_WARN_NON_LITERAL_NULL_CONVERSION = YES;
				CLANG_WARN_OBJC_IMPLICIT_RETAIN_SELF = YES;
				CLANG_WARN_OBJC_LITERAL_CONVERSION = YES;
				CLANG_WARN_OBJC_ROOT_CLASS = YES_ERROR;
				CLANG_WARN_QUOTED_INCLUDE_IN_FRAMEWORK_HEADER = YES;
				CLANG_WARN_RANGE_LOOP_ANALYSIS = YES;
				CLANG_WARN_STRICT_PROTOTYPES = YES;
				CLANG_WARN_SUSPICIOUS_MOVE = YES;
				CLANG_WARN_UNGUARDED_AVAILABILITY = YES_AGGRESSIVE;
				CLANG_WARN_UNREACHABLE_CODE = YES;
				CLANG_WARN__DUPLICATE_METHOD_MATCH = YES;
				COPY_PHASE_STRIP = NO;
				DEBUG_INFORMATION_FORMAT = "dwarf-with-dsym";
				DEVELOPMENT_TEAM = 84X9WYBF36;
				ENABLE_NS_ASSERTIONS = NO;
				ENABLE_STRICT_OBJC_MSGSEND = YES;
				ENABLE_USER_SCRIPT_SANDBOXING = YES;
				GCC_C_LANGUAGE_STANDARD = gnu17;
				GCC_NO_COMMON_BLOCKS = YES;
				GCC_WARN_64_TO_32_BIT_CONVERSION = YES;
				GCC_WARN_ABOUT_RETURN_TYPE = YES_ERROR;
				GCC_WARN_UNDECLARED_SELECTOR = YES;
				GCC_WARN_UNINITIALIZED_AUTOS = YES_AGGRESSIVE;
				GCC_WARN_UNUSED_FUNCTION = YES;
				GCC_WARN_UNUSED_VARIABLE = YES;
				IPHONEOS_DEPLOYMENT_TARGET = 26.2;
				LOCALIZATION_PREFERS_STRING_CATALOGS = YES;
				MTL_ENABLE_DEBUG_INFO = NO;
				MTL_FAST_MATH = YES;
				SDKROOT = iphoneos;
				SWIFT_COMPILATION_MODE = wholemodule;
				VALIDATE_PRODUCT = YES;
			};
			name = Release;
		};
		60AFA81A2F3E406A00FA3135 /* Debug */ = {
			isa = XCBuildConfiguration;
			buildSettings = {
				ASSETCATALOG_COMPILER_APPICON_NAME = AppIcon;
				ASSETCATALOG_COMPILER_GLOBAL_ACCENT_COLOR_NAME = AccentColor;
				CODE_SIGNING_ALLOWED = YES;
				CODE_SIGNING_REQUIRED = YES;
				CODE_SIGN_ENTITLEMENTS = financeplan/Norviqa.Debug.entitlements;
				CODE_SIGN_STYLE = Automatic;
				CURRENT_PROJECT_VERSION = 1;
				DEVELOPMENT_TEAM = 84X9WYBF36;
				ENABLE_PREVIEWS = YES;
				GENERATE_INFOPLIST_FILE = NO;
				INFOPLIST_FILE = Info.plist;
				INFOPLIST_KEY_UIApplicationSceneManifest_Generation = YES;
				INFOPLIST_KEY_UIApplicationSupportsIndirectInputEvents = YES;
				INFOPLIST_KEY_UILaunchScreen_Generation = YES;
				INFOPLIST_KEY_UISupportedInterfaceOrientations_iPad = "UIInterfaceOrientationPortrait UIInterfaceOrientationPortraitUpsideDown UIInterfaceOrientationLandscapeLeft UIInterfaceOrientationLandscapeRight";
				INFOPLIST_KEY_UISupportedInterfaceOrientations_iPhone = "UIInterfaceOrientationPortrait UIInterfaceOrientationLandscapeLeft UIInterfaceOrientationLandscapeRight";
				LD_RUNPATH_SEARCH_PATHS = (
					"$(inherited)",
					"@executable_path/Frameworks",
				);
				MARKETING_VERSION = 1.0;
				PRODUCT_BUNDLE_IDENTIFIER = facorreia.financeplan;
				PRODUCT_NAME = "$(TARGET_NAME)";
				STRING_CATALOG_GENERATE_SYMBOLS = YES;
				SWIFT_APPROACHABLE_CONCURRENCY = YES;
				SWIFT_DEFAULT_ACTOR_ISOLATION = MainActor;
				SWIFT_EMIT_LOC_STRINGS = YES;
				SWIFT_STRICT_CONCURRENCY = complete;
				SWIFT_UPCOMING_FEATURE_MEMBER_IMPORT_VISIBILITY = YES;
				SWIFT_VERSION = 6.0;
				TARGETED_DEVICE_FAMILY = "1,2";
			};
			name = Debug;
		};
		60AFA81B2F3E406A00FA3135 /* Release */ = {
			isa = XCBuildConfiguration;
			buildSettings = {
				ASSETCATALOG_COMPILER_APPICON_NAME = AppIcon;
				ASSETCATALOG_COMPILER_GLOBAL_ACCENT_COLOR_NAME = AccentColor;
				CODE_SIGN_ENTITLEMENTS = financeplan/Norviqa.entitlements;
				CODE_SIGN_STYLE = Automatic;
				CURRENT_PROJECT_VERSION = 1;
				DEVELOPMENT_TEAM = 84X9WYBF36;
				ENABLE_PREVIEWS = YES;
				GENERATE_INFOPLIST_FILE = NO;
				INFOPLIST_FILE = Info.plist;
				INFOPLIST_KEY_UIApplicationSceneManifest_Generation = YES;
				INFOPLIST_KEY_UIApplicationSupportsIndirectInputEvents = YES;
				INFOPLIST_KEY_UILaunchScreen_Generation = YES;
				INFOPLIST_KEY_UISupportedInterfaceOrientations_iPad = "UIInterfaceOrientationPortrait UIInterfaceOrientationPortraitUpsideDown UIInterfaceOrientationLandscapeLeft UIInterfaceOrientationLandscapeRight";
				INFOPLIST_KEY_UISupportedInterfaceOrientations_iPhone = "UIInterfaceOrientationPortrait UIInterfaceOrientationLandscapeLeft UIInterfaceOrientationLandscapeRight";
				LD_RUNPATH_SEARCH_PATHS = (
					"$(inherited)",
					"@executable_path/Frameworks",
				);
				MARKETING_VERSION = 1.0;
				PRODUCT_BUNDLE_IDENTIFIER = facorreia.financeplan;
				PRODUCT_NAME = "$(TARGET_NAME)";
				STRING_CATALOG_GENERATE_SYMBOLS = YES;
				SWIFT_APPROACHABLE_CONCURRENCY = YES;
				SWIFT_DEFAULT_ACTOR_ISOLATION = MainActor;
				SWIFT_EMIT_LOC_STRINGS = YES;
				SWIFT_STRICT_CONCURRENCY = complete;
				SWIFT_UPCOMING_FEATURE_MEMBER_IMPORT_VISIBILITY = YES;
				SWIFT_VERSION = 6.0;
				TARGETED_DEVICE_FAMILY = "1,2";
			};
			name = Release;
		};
		60AFA81D2F3E406A00FA3135 /* Debug */ = {
			isa = XCBuildConfiguration;
			buildSettings = {
				BUNDLE_LOADER = "$(TEST_HOST)";
				CODE_SIGNING_ALLOWED = NO;
				CODE_SIGNING_REQUIRED = NO;
				CODE_SIGN_STYLE = Automatic;
				CURRENT_PROJECT_VERSION = 1;
				DEVELOPMENT_TEAM = 84X9WYBF36;
				GENERATE_INFOPLIST_FILE = YES;
				IPHONEOS_DEPLOYMENT_TARGET = 26.2;
				MARKETING_VERSION = 1.0;
				PRODUCT_BUNDLE_IDENTIFIER = facorreia.financeplanTests;
				PRODUCT_NAME = "$(TARGET_NAME)";
				STRING_CATALOG_GENERATE_SYMBOLS = NO;
				SWIFT_APPROACHABLE_CONCURRENCY = YES;
				SWIFT_EMIT_LOC_STRINGS = NO;
				SWIFT_STRICT_CONCURRENCY = complete;
				SWIFT_UPCOMING_FEATURE_MEMBER_IMPORT_VISIBILITY = YES;
				SWIFT_VERSION = 6.0;
				TARGETED_DEVICE_FAMILY = "1,2";
				TEST_HOST = "$(BUILT_PRODUCTS_DIR)/financeplan.app/$(BUNDLE_EXECUTABLE_FOLDER_PATH)/financeplan";
			};
			name = Debug;
		};
		60AFA81E2F3E406A00FA3135 /* Release */ = {
			isa = XCBuildConfiguration;
			buildSettings = {
				BUNDLE_LOADER = "$(TEST_HOST)";
				CODE_SIGN_STYLE = Automatic;
				CURRENT_PROJECT_VERSION = 1;
				DEVELOPMENT_TEAM = 84X9WYBF36;
				GENERATE_INFOPLIST_FILE = YES;
				IPHONEOS_DEPLOYMENT_TARGET = 26.2;
				MARKETING_VERSION = 1.0;
				PRODUCT_BUNDLE_IDENTIFIER = facorreia.financeplanTests;
				PRODUCT_NAME = "$(TARGET_NAME)";
				STRING_CATALOG_GENERATE_SYMBOLS = NO;
				SWIFT_APPROACHABLE_CONCURRENCY = YES;
				SWIFT_EMIT_LOC_STRINGS = NO;
				SWIFT_STRICT_CONCURRENCY = complete;
				SWIFT_UPCOMING_FEATURE_MEMBER_IMPORT_VISIBILITY = YES;
				SWIFT_VERSION = 6.0;
				TARGETED_DEVICE_FAMILY = "1,2";
				TEST_HOST = "$(BUILT_PRODUCTS_DIR)/financeplan.app/$(BUNDLE_EXECUTABLE_FOLDER_PATH)/financeplan";
			};
			name = Release;
		};
		60AFA8202F3E406A00FA3135 /* Debug */ = {
			isa = XCBuildConfiguration;
			buildSettings = {
				CODE_SIGNING_ALLOWED = NO;
				CODE_SIGNING_REQUIRED = NO;
				CODE_SIGN_STYLE = Automatic;
				CURRENT_PROJECT_VERSION = 1;
				DEVELOPMENT_TEAM = 84X9WYBF36;
				GENERATE_INFOPLIST_FILE = YES;
				MARKETING_VERSION = 1.0;
				PRODUCT_BUNDLE_IDENTIFIER = facorreia.financeplanUITests;
				PRODUCT_NAME = "$(TARGET_NAME)";
				STRING_CATALOG_GENERATE_SYMBOLS = NO;
				SWIFT_APPROACHABLE_CONCURRENCY = YES;
				SWIFT_EMIT_LOC_STRINGS = NO;
				SWIFT_STRICT_CONCURRENCY = complete;
				SWIFT_UPCOMING_FEATURE_MEMBER_IMPORT_VISIBILITY = YES;
				SWIFT_VERSION = 6.0;
				TARGETED_DEVICE_FAMILY = "1,2";
				TEST_TARGET_NAME = financeplan;
			};
			name = Debug;
		};
		60AFA8212F3E406A00FA3135 /* Release */ = {
			isa = XCBuildConfiguration;
			buildSettings = {
				CODE_SIGN_STYLE = Automatic;
				CURRENT_PROJECT_VERSION = 1;
				DEVELOPMENT_TEAM = 84X9WYBF36;
				GENERATE_INFOPLIST_FILE = YES;
				MARKETING_VERSION = 1.0;
				PRODUCT_BUNDLE_IDENTIFIER = facorreia.financeplanUITests;
				PRODUCT_NAME = "$(TARGET_NAME)";
				STRING_CATALOG_GENERATE_SYMBOLS = NO;
				SWIFT_APPROACHABLE_CONCURRENCY = YES;
				SWIFT_EMIT_LOC_STRINGS = NO;
				SWIFT_STRICT_CONCURRENCY = complete;
				SWIFT_UPCOMING_FEATURE_MEMBER_IMPORT_VISIBILITY = YES;
				SWIFT_VERSION = 6.0;
				TARGETED_DEVICE_FAMILY = "1,2";
				TEST_TARGET_NAME = financeplan;
			};
			name = Release;
		};
/* End XCBuildConfiguration section */

/* Begin XCConfigurationList section */
		60AFA7F32F3E406900FA3135 /* Build configuration list for PBXProject "financeplan" */ = {
			isa = XCConfigurationList;
			buildConfigurations = (
				60AFA8172F3E406A00FA3135 /* Debug */,
				60AFA8182F3E406A00FA3135 /* Release */,
			);
			defaultConfigurationIsVisible = 0;
			defaultConfigurationName = Release;
		};
		60AFA8192F3E406A00FA3135 /* Build configuration list for PBXNativeTarget "financeplan" */ = {
			isa = XCConfigurationList;
			buildConfigurations = (
				60AFA81A2F3E406A00FA3135 /* Debug */,
				60AFA81B2F3E406A00FA3135 /* Release */,
			);
			defaultConfigurationIsVisible = 0;
			defaultConfigurationName = Release;
		};
		60AFA81C2F3E406A00FA3135 /* Build configuration list for PBXNativeTarget "financeplanTests" */ = {
			isa = XCConfigurationList;
			buildConfigurations = (
				60AFA81D2F3E406A00FA3135 /* Debug */,
				60AFA81E2F3E406A00FA3135 /* Release */,
			);
			defaultConfigurationIsVisible = 0;
			defaultConfigurationName = Release;
		};
		60AFA81F2F3E406A00FA3135 /* Build configuration list for PBXNativeTarget "financeplanUITests" */ = {
			isa = XCConfigurationList;
			buildConfigurations = (
				60AFA8202F3E406A00FA3135 /* Debug */,
				60AFA8212F3E406A00FA3135 /* Release */,
			);
			defaultConfigurationIsVisible = 0;
			defaultConfigurationName = Release;
		};
/* End XCConfigurationList section */

/* Begin XCRemoteSwiftPackageReference section */
		602AAA712F8810D2004485ED /* XCRemoteSwiftPackageReference "SwiftLintPlugins" */ = {
			isa = XCRemoteSwiftPackageReference;
			repositoryURL = "https://github.com/SimplyDanny/SwiftLintPlugins";
			requirement = {
				kind = upToNextMajorVersion;
				minimumVersion = 0.63.2;
			};
		};
		60543D592F48C8B400B67ADA /* XCRemoteSwiftPackageReference "AnyAPI" */ = {
			isa = XCRemoteSwiftPackageReference;
			repositoryURL = "https://github.com/jpmcglone/AnyAPI";
			requirement = {
				kind = upToNextMajorVersion;
				minimumVersion = 1.2.0;
			};
		};
		60543D602F48C8B400B67ADA /* XCRemoteSwiftPackageReference "Factory" */ = {
			isa = XCRemoteSwiftPackageReference;
			repositoryURL = "https://github.com/hmlongco/Factory";
			requirement = {
				kind = upToNextMajorVersion;
				minimumVersion = 2.5.3;
			};
		};
		60543D612F48C8B400B67ADA /* XCRemoteSwiftPackageReference "Kingfisher" */ = {
			isa = XCRemoteSwiftPackageReference;
			repositoryURL = "https://github.com/onevcat/Kingfisher.git";
			requirement = {
				kind = upToNextMajorVersion;
				minimumVersion = 8.0.0;
			};
		};
		60543DE82F48D35700B67ADA /* XCRemoteSwiftPackageReference "EntityStore" */ = {
			isa = XCRemoteSwiftPackageReference;
			repositoryURL = "https://github.com/jpmcglone/EntityStore";
			requirement = {
				kind = upToNextMajorVersion;
				minimumVersion = 0.9.18;
			};
		};
		60543E212F48D90000B67ADA /* XCRemoteSwiftPackageReference "Alamofire" */ = {
			isa = XCRemoteSwiftPackageReference;
			repositoryURL = "https://github.com/Alamofire/Alamofire.git";
			requirement = {
				kind = upToNextMajorVersion;
				minimumVersion = 5.11.1;
			};
		};
		60543E222F48D90000B67ADA /* XCRemoteSwiftPackageReference "BetterCodable" */ = {
			isa = XCRemoteSwiftPackageReference;
			repositoryURL = "https://github.com/marksands/BetterCodable";
			requirement = {
				kind = upToNextMajorVersion;
				minimumVersion = 0.4.0;
			};
		};
		60543E232F48D90000B67ADA /* XCRemoteSwiftPackageReference "Drops" */ = {
			isa = XCRemoteSwiftPackageReference;
			repositoryURL = "https://github.com/omaralbeik/Drops.git";
			requirement = {
				kind = upToNextMajorVersion;
				minimumVersion = 1.7.0;
			};
		};
		60543E252F48D90000B67ADA /* XCRemoteSwiftPackageReference "lottie-ios" */ = {
			isa = XCRemoteSwiftPackageReference;
			repositoryURL = "https://github.com/airbnb/lottie-ios";
			requirement = {
				kind = upToNextMajorVersion;
				minimumVersion = 4.5.2;
			};
		};
		60543E262F48D90000B67ADA /* XCRemoteSwiftPackageReference "MarkdownUI" */ = {
			isa = XCRemoteSwiftPackageReference;
			repositoryURL = "https://github.com/gonzalezreal/MarkdownUI";
			requirement = {
				branch = main;
				kind = branch;
			};
		};
		60543E272F48D90000B67ADA /* XCRemoteSwiftPackageReference "sentry-cocoa" */ = {
			isa = XCRemoteSwiftPackageReference;
			repositoryURL = "https://github.com/getsentry/sentry-cocoa.git";
			requirement = {
				kind = upToNextMajorVersion;
				minimumVersion = 9.0.0;
			};
		};
		60543E282F48D90000B67ADA /* XCRemoteSwiftPackageReference "SwiftyCrop" */ = {
			isa = XCRemoteSwiftPackageReference;
			repositoryURL = "https://github.com/benedom/SwiftyCrop";
			requirement = {
				kind = upToNextMajorVersion;
				minimumVersion = 2.0.0;
			};
		};
		70B001A33C5E11AA00F01001 /* XCRemoteSwiftPackageReference "FinanceShared" */ = {
			isa = XCRemoteSwiftPackageReference;
			repositoryURL = "https://github.com/FinancePlanner/FinanceShared.git";
			requirement = {
				kind = upToNextMajorVersion;
				minimumVersion = 0.1.7;
			};
		};
/* End XCRemoteSwiftPackageReference section */

/* Begin XCSwiftPackageProductDependency section */
		60543D5A2F48C8B400B67ADA /* AnyAPI */ = {
			isa = XCSwiftPackageProductDependency;
			package = 60543D592F48C8B400B67ADA /* XCRemoteSwiftPackageReference "AnyAPI" */;
			productName = AnyAPI;
		};
		60543D5C2F48C8B400B67ADA /* Factory */ = {
			isa = XCSwiftPackageProductDependency;
			package = 60543D602F48C8B400B67ADA /* XCRemoteSwiftPackageReference "Factory" */;
			productName = Factory;
		};
		60543D5E2F48C8B400B67ADA /* Kingfisher */ = {
			isa = XCSwiftPackageProductDependency;
			package = 60543D612F48C8B400B67ADA /* XCRemoteSwiftPackageReference "Kingfisher" */;
			productName = Kingfisher;
		};
		60543DE92F48D35700B67ADA /* EntityStore */ = {
			isa = XCSwiftPackageProductDependency;
			package = 60543DE82F48D35700B67ADA /* XCRemoteSwiftPackageReference "EntityStore" */;
			productName = EntityStore;
		};
		60543E012F48D90000B67ADA /* Alamofire */ = {
			isa = XCSwiftPackageProductDependency;
			package = 60543E212F48D90000B67ADA /* XCRemoteSwiftPackageReference "Alamofire" */;
			productName = Alamofire;
		};
		60543E022F48D90000B67ADA /* BetterCodable */ = {
			isa = XCSwiftPackageProductDependency;
			package = 60543E222F48D90000B67ADA /* XCRemoteSwiftPackageReference "BetterCodable" */;
			productName = BetterCodable;
		};
		60543E032F48D90000B67ADA /* Drops */ = {
			isa = XCSwiftPackageProductDependency;
			package = 60543E232F48D90000B67ADA /* XCRemoteSwiftPackageReference "Drops" */;
			productName = Drops;
		};
		60543E052F48D90000B67ADA /* Lottie */ = {
			isa = XCSwiftPackageProductDependency;
			package = 60543E252F48D90000B67ADA /* XCRemoteSwiftPackageReference "lottie-ios" */;
			productName = Lottie;
		};
		60543E062F48D90000B67ADA /* MarkdownUI */ = {
			isa = XCSwiftPackageProductDependency;
			package = 60543E262F48D90000B67ADA /* XCRemoteSwiftPackageReference "MarkdownUI" */;
			productName = MarkdownUI;
		};
		60543E072F48D90000B67ADA /* Sentry */ = {
			isa = XCSwiftPackageProductDependency;
			package = 60543E272F48D90000B67ADA /* XCRemoteSwiftPackageReference "sentry-cocoa" */;
			productName = Sentry;
		};
		60543E082F48D90000B67ADA /* SwiftyCrop */ = {
			isa = XCSwiftPackageProductDependency;
			package = 60543E282F48D90000B67ADA /* XCRemoteSwiftPackageReference "SwiftyCrop" */;
			productName = SwiftyCrop;
		};
		70B001A23C5E11AA00F01001 /* StockPlanShared */ = {
			isa = XCSwiftPackageProductDependency;
			package = 70B001A33C5E11AA00F01001 /* XCRemoteSwiftPackageReference "FinanceShared" */;
			productName = StockPlanShared;
		};
/* End XCSwiftPackageProductDependency section */
	};
	rootObject = 60AFA7F02F3E406900FA3135 /* Project object */;
}
